// !$*UTF8*$!
{
	archiveVersion = 1;
	classes = {
	};
	objectVersion = 46;
	objects = {

/* Begin PBXBuildFile section */
		1A572F94088E331E7A41B38D /* libPods-CXSlidingViewDemo.a in Frameworks */ = {isa = PBXBuildFile; fileRef = 00B492000C24D5BD542AC98E /* libPods-CXSlidingViewDemo.a */; };
		1FCDB9411D1A35B0004A4628 /* main.m in Sources */ = {isa = PBXBuildFile; fileRef = 1FCDB9401D1A35B0004A4628 /* main.m */; };
		1FCDB9441D1A35B0004A4628 /* AppDelegate.m in Sources */ = {isa = PBXBuildFile; fileRef = 1FCDB9431D1A35B0004A4628 /* AppDelegate.m */; };
		1FCDB9471D1A35B0004A4628 /* ViewController.m in Sources */ = {isa = PBXBuildFile; fileRef = 1FCDB9461D1A35B0004A4628 /* ViewController.m */; };
		1FCDB94A1D1A35B0004A4628 /* Main.storyboard in Resources */ = {isa = PBXBuildFile; fileRef = 1FCDB9481D1A35B0004A4628 /* Main.storyboard */; };
		1FCDB94C1D1A35B1004A4628 /* Assets.xcassets in Resources */ = {isa = PBXBuildFile; fileRef = 1FCDB94B1D1A35B1004A4628 /* Assets.xcassets */; };
		1FCDB94F1D1A35B1004A4628 /* LaunchScreen.storyboard in Resources */ = {isa = PBXBuildFile; fileRef = 1FCDB94D1D1A35B1004A4628 /* LaunchScreen.storyboard */; };
		1FCDB95D1D1A3636004A4628 /* TYJSON.m in Sources */ = {isa = PBXBuildFile; fileRef = 1FCDB95C1D1A3636004A4628 /* TYJSON.m */; };
		1FCDB95F1D1A3DB4004A4628 /* images.json in Resources */ = {isa = PBXBuildFile; fileRef = 1FCDB95E1D1A3DB4004A4628 /* images.json */; };
		1FCDB9621D1A3E4E004A4628 /* CXTestItem.m in Sources */ = {isa = PBXBuildFile; fileRef = 1FCDB9611D1A3E4E004A4628 /* CXTestItem.m */; };
		1FD120C81D1A61F70076FD2C /* 1.jpg in Resources */ = {isa = PBXBuildFile; fileRef = 1FD120C71D1A61F70076FD2C /* 1.jpg */; };
		1FD120FA1D1B799F0076FD2C /* 2016-06-23 09_45_07.gif in Resources */ = {isa = PBXBuildFile; fileRef = 1FD120F91D1B799F0076FD2C /* 2016-06-23 09_45_07.gif */; };
/* End PBXBuildFile section */

/* Begin PBXFileReference section */
		00B492000C24D5BD542AC98E /* libPods-CXSlidingViewDemo.a */ = {isa = PBXFileReference; explicitFileType = archive.ar; includeInIndex = 0; path = "libPods-CXSlidingViewDemo.a"; sourceTree = BUILT_PRODUCTS_DIR; };
		1FCDB93C1D1A35B0004A4628 /* CXSlidingViewDemo.app */ = {isa = PBXFileReference; explicitFileType = wrapper.application; includeInIndex = 0; path = CXSlidingViewDemo.app; sourceTree = BUILT_PRODUCTS_DIR; };
		1FCDB9401D1A35B0004A4628 /* main.m */ = {isa = PBXFileReference; lastKnownFileType = sourcecode.c.objc; path = main.m; sourceTree = "<group>"; };
		1FCDB9421D1A35B0004A4628 /* AppDelegate.h */ = {isa = PBXFileReference; lastKnownFileType = sourcecode.c.h; path = AppDelegate.h; sourceTree = "<group>"; };
		1FCDB9431D1A35B0004A4628 /* AppDelegate.m */ = {isa = PBXFileReference; lastKnownFileType = sourcecode.c.objc; path = AppDelegate.m; sourceTree = "<group>"; };
		1FCDB9451D1A35B0004A4628 /* ViewController.h */ = {isa = PBXFileReference; lastKnownFileType = sourcecode.c.h; path = ViewController.h; sourceTree = "<group>"; };
		1FCDB9461D1A35B0004A4628 /* ViewController.m */ = {isa = PBXFileReference; lastKnownFileType = sourcecode.c.objc; path = ViewController.m; sourceTree = "<group>"; };
		1FCDB9491D1A35B0004A4628 /* Base */ = {isa = PBXFileReference; lastKnownFileType = file.storyboard; name = Base; path = Base.lproj/Main.storyboard; sourceTree = "<group>"; };
		1FCDB94B1D1A35B1004A4628 /* Assets.xcassets */ = {isa = PBXFileReference; lastKnownFileType = folder.assetcatalog; path = Assets.xcassets; sourceTree = "<group>"; };
		1FCDB94E1D1A35B1004A4628 /* Base */ = {isa = PBXFileReference; lastKnownFileType = file.storyboard; name = Base; path = Base.lproj/LaunchScreen.storyboard; sourceTree = "<group>"; };
		1FCDB9501D1A35B1004A4628 /* Info.plist */ = {isa = PBXFileReference; lastKnownFileType = text.plist.xml; path = Info.plist; sourceTree = "<group>"; };
		1FCDB95B1D1A3636004A4628 /* TYJSON.h */ = {isa = PBXFileReference; fileEncoding = 4; lastKnownFileType = sourcecode.c.h; path = TYJSON.h; sourceTree = "<group>"; };
		1FCDB95C1D1A3636004A4628 /* TYJSON.m */ = {isa = PBXFileReference; fileEncoding = 4; lastKnownFileType = sourcecode.c.objc; path = TYJSON.m; sourceTree = "<group>"; };
		1FCDB95E1D1A3DB4004A4628 /* images.json */ = {isa = PBXFileReference; fileEncoding = 4; lastKnownFileType = text.json; path = images.json; sourceTree = "<group>"; };
		1FCDB9601D1A3E4E004A4628 /* CXTestItem.h */ = {isa = PBXFileReference; fileEncoding = 4; lastKnownFileType = sourcecode.c.h; path = CXTestItem.h; sourceTree = "<group>"; };
		1FCDB9611D1A3E4E004A4628 /* CXTestItem.m */ = {isa = PBXFileReference; fileEncoding = 4; lastKnownFileType = sourcecode.c.objc; path = CXTestItem.m; sourceTree = "<group>"; };
		1FD120C71D1A61F70076FD2C /* 1.jpg */ = {isa = PBXFileReference; lastKnownFileType = image.jpeg; path = 1.jpg; sourceTree = "<group>"; };
		1FD120F91D1B799F0076FD2C /* 2016-06-23 09_45_07.gif */ = {isa = PBXFileReference; lastKnownFileType = image.gif; path = "2016-06-23 09_45_07.gif"; sourceTree = "<group>"; };
		565B6FAFD7A7C306715CE94A /* Pods-CXSlidingViewDemo.debug.xcconfig */ = {isa = PBXFileReference; includeInIndex = 1; lastKnownFileType = text.xcconfig; name = "Pods-CXSlidingViewDemo.debug.xcconfig"; path = "Pods/Target Support Files/Pods-CXSlidingViewDemo/Pods-CXSlidingViewDemo.debug.xcconfig"; sourceTree = "<group>"; };
		E713A1A02BD504DB2FE5E514 /* Pods-CXSlidingViewDemo.release.xcconfig */ = {isa = PBXFileReference; includeInIndex = 1; lastKnownFileType = text.xcconfig; name = "Pods-CXSlidingViewDemo.release.xcconfig"; path = "Pods/Target Support Files/Pods-CXSlidingViewDemo/Pods-CXSlidingViewDemo.release.xcconfig"; sourceTree = "<group>"; };
/* End PBXFileReference section */

/* Begin PBXFrameworksBuildPhase section */
		1FCDB9391D1A35B0004A4628 /* Frameworks */ = {
			isa = PBXFrameworksBuildPhase;
			buildActionMask = 2147483647;
			files = (
				1A572F94088E331E7A41B38D /* libPods-CXSlidingViewDemo.a in Frameworks */,
			);
			runOnlyForDeploymentPostprocessing = 0;
		};
/* End PBXFrameworksBuildPhase section */

/* Begin PBXGroup section */
		1FCDB9331D1A35B0004A4628 = {
			isa = PBXGroup;
			children = (
				1FCDB93E1D1A35B0004A4628 /* CXSlidingViewDemo */,
				1FCDB93D1D1A35B0004A4628 /* Products */,
				72DFF87D989C42F9CAE3352F /* Pods */,
				FA8AA2AD103A45716625655F /* Frameworks */,
			);
			sourceTree = "<group>";
		};
		1FCDB93D1D1A35B0004A4628 /* Products */ = {
			isa = PBXGroup;
			children = (
				1FCDB93C1D1A35B0004A4628 /* CXSlidingViewDemo.app */,
			);
			name = Products;
			sourceTree = "<group>";
		};
		1FCDB93E1D1A35B0004A4628 /* CXSlidingViewDemo */ = {
			isa = PBXGroup;
			children = (
				1FCDB9421D1A35B0004A4628 /* AppDelegate.h */,
				1FCDB9431D1A35B0004A4628 /* AppDelegate.m */,
				1FCDB9451D1A35B0004A4628 /* ViewController.h */,
				1FCDB9461D1A35B0004A4628 /* ViewController.m */,
				1FCDB9601D1A3E4E004A4628 /* CXTestItem.h */,
				1FCDB9611D1A3E4E004A4628 /* CXTestItem.m */,
				1FCDB93F1D1A35B0004A4628 /* Supporting Files */,
			);
			path = CXSlidingViewDemo;
			sourceTree = "<group>";
		};
		1FCDB93F1D1A35B0004A4628 /* Supporting Files */ = {
			isa = PBXGroup;
			children = (
				1FD120F91D1B799F0076FD2C /* 2016-06-23 09_45_07.gif */,
				1FD120C71D1A61F70076FD2C /* 1.jpg */,
				1FCDB95E1D1A3DB4004A4628 /* images.json */,
				1FCDB95B1D1A3636004A4628 /* TYJSON.h */,
				1FCDB95C1D1A3636004A4628 /* TYJSON.m */,
				1FCDB9481D1A35B0004A4628 /* Main.storyboard */,
				1FCDB94B1D1A35B1004A4628 /* Assets.xcassets */,
				1FCDB94D1D1A35B1004A4628 /* LaunchScreen.storyboard */,
				1FCDB9501D1A35B1004A4628 /* Info.plist */,
				1FCDB9401D1A35B0004A4628 /* main.m */,
			);
			name = "Supporting Files";
			sourceTree = "<group>";
		};
		72DFF87D989C42F9CAE3352F /* Pods */ = {
			isa = PBXGroup;
			children = (
				565B6FAFD7A7C306715CE94A /* Pods-CXSlidingViewDemo.debug.xcconfig */,
				E713A1A02BD504DB2FE5E514 /* Pods-CXSlidingViewDemo.release.xcconfig */,
			);
			name = Pods;
			sourceTree = "<group>";
		};
		FA8AA2AD103A45716625655F /* Frameworks */ = {
			isa = PBXGroup;
			children = (
				00B492000C24D5BD542AC98E /* libPods-CXSlidingViewDemo.a */,
			);
			name = Frameworks;
			sourceTree = "<group>";
		};
/* End PBXGroup section */

/* Begin PBXNativeTarget section */
		1FCDB93B1D1A35B0004A4628 /* CXSlidingViewDemo */ = {
			isa = PBXNativeTarget;
			buildConfigurationList = 1FCDB9531D1A35B1004A4628 /* Build configuration list for PBXNativeTarget "CXSlidingViewDemo" */;
			buildPhases = (
				ADC27802278DDC30536FAF07 /* [CP] Check Pods Manifest.lock */,
				1FCDB9381D1A35B0004A4628 /* Sources */,
				1FCDB9391D1A35B0004A4628 /* Frameworks */,
				1FCDB93A1D1A35B0004A4628 /* Resources */,
				3D6DBADB4B3A1868E452F22C /* [CP] Embed Pods Frameworks */,
				56C8FF26C27C1F96C12270E3 /* [CP] Copy Pods Resources */,
			);
			buildRules = (
			);
			dependencies = (
			);
			name = CXSlidingViewDemo;
			productName = CXSlidingViewDemo;
			productReference = 1FCDB93C1D1A35B0004A4628 /* CXSlidingViewDemo.app */;
			productType = "com.apple.product-type.application";
		};
/* End PBXNativeTarget section */

/* Begin PBXProject section */
		1FCDB9341D1A35B0004A4628 /* Project object */ = {
			isa = PBXProject;
			attributes = {
				LastUpgradeCheck = 0730;
				ORGANIZATIONNAME = "戴晨惜";
				TargetAttributes = {
					1FCDB93B1D1A35B0004A4628 = {
						CreatedOnToolsVersion = 7.3;
					};
				};
			};
			buildConfigurationList = 1FCDB9371D1A35B0004A4628 /* Build configuration list for PBXProject "CXSlidingViewDemo" */;
			compatibilityVersion = "Xcode 3.2";
			developmentRegion = English;
			hasScannedForEncodings = 0;
			knownRegions = (
				en,
				Base,
			);
			mainGroup = 1FCDB9331D1A35B0004A4628;
			productRefGroup = 1FCDB93D1D1A35B0004A4628 /* Products */;
			projectDirPath = "";
			projectRoot = "";
			targets = (
				1FCDB93B1D1A35B0004A4628 /* CXSlidingViewDemo */,
			);
		};
/* End PBXProject section */

/* Begin PBXResourcesBuildPhase section */
		1FCDB93A1D1A35B0004A4628 /* Resources */ = {
			isa = PBXResourcesBuildPhase;
			buildActionMask = 2147483647;
			files = (
				1FD120FA1D1B799F0076FD2C /* 2016-06-23 09_45_07.gif in Resources */,
				1FCDB94F1D1A35B1004A4628 /* LaunchScreen.storyboard in Resources */,
				1FCDB95F1D1A3DB4004A4628 /* images.json in Resources */,
				1FCDB94C1D1A35B1004A4628 /* Assets.xcassets in Resources */,
				1FCDB94A1D1A35B0004A4628 /* Main.storyboard in Resources */,
				1FD120C81D1A61F70076FD2C /* 1.jpg in Resources */,
			);
			runOnlyForDeploymentPostprocessing = 0;
		};
/* End PBXResourcesBuildPhase section */

/* Begin PBXShellScriptBuildPhase section */
		3D6DBADB4B3A1868E452F22C /* [CP] Embed Pods Frameworks */ = {
			isa = PBXShellScriptBuildPhase;
			buildActionMask = 2147483647;
			files = (
			);
			inputPaths = (
			);
			name = "[CP] Embed Pods Frameworks";
			outputPaths = (
			);
			runOnlyForDeploymentPostprocessing = 0;
			shellPath = /bin/sh;
			shellScript = "\"${SRCROOT}/Pods/Target Support Files/Pods-CXSlidingViewDemo/Pods-CXSlidingViewDemo-frameworks.sh\"\n";
			showEnvVarsInLog = 0;
		};
		56C8FF26C27C1F96C12270E3 /* [CP] Copy Pods Resources */ = {
			isa = PBXShellScriptBuildPhase;
			buildActionMask = 2147483647;
			files = (
			);
			inputPaths = (
			);
			name = "[CP] Copy Pods Resources";
			outputPaths = (
			);
			runOnlyForDeploymentPostprocessing = 0;
			shellPath = /bin/sh;
			shellScript = "\"${SRCROOT}/Pods/Target Support Files/Pods-CXSlidingViewDemo/Pods-CXSlidingViewDemo-resources.sh\"\n";
			showEnvVarsInLog = 0;
		};
		ADC27802278DDC30536FAF07 /* [CP] Check Pods Manifest.lock */ = {
			isa = PBXShellScriptBuildPhase;
			buildActionMask = 2147483647;
			files = (
			);
			inputPaths = (
			);
			name = "[CP] Check Pods Manifest.lock";
			outputPaths = (
			);
			runOnlyForDeploymentPostprocessing = 0;
			shellPath = /bin/sh;
			shellScript = "diff \"${PODS_ROOT}/../Podfile.lock\" \"${PODS_ROOT}/Manifest.lock\" > /dev/null\nif [[ $? != 0 ]] ; then\n    cat << EOM\nerror: The sandbox is not in sync with the Podfile.lock. Run 'pod install' or update your CocoaPods installation.\nEOM\n    exit 1\nfi\n";
			showEnvVarsInLog = 0;
		};
/* End PBXShellScriptBuildPhase section */

/* Begin PBXSourcesBuildPhase section */
		1FCDB9381D1A35B0004A4628 /* Sources */ = {
			isa = PBXSourcesBuildPhase;
			buildActionMask = 2147483647;
			files = (
				1FCDB9471D1A35B0004A4628 /* ViewController.m in Sources */,
				1FCDB9441D1A35B0004A4628 /* AppDelegate.m in Sources */,
				1FCDB9621D1A3E4E004A4628 /* CXTestItem.m in Sources */,
				1FCDB9411D1A35B0004A4628 /* main.m in Sources */,
				1FCDB95D1D1A3636004A4628 /* TYJSON.m in Sources */,
			);
			runOnlyForDeploymentPostprocessing = 0;
		};
/* End PBXSourcesBuildPhase section */

/* Begin PBXVariantGroup section */
		1FCDB9481D1A35B0004A4628 /* Main.storyboard */ = {
			isa = PBXVariantGroup;
			children = (
				1FCDB9491D1A35B0004A4628 /* Base */,
			);
			name = Main.storyboard;
			sourceTree = "<group>";
		};
		1FCDB94D1D1A35B1004A4628 /* LaunchScreen.storyboard */ = {
			isa = PBXVariantGroup;
			children = (
				1FCDB94E1D1A35B1004A4628 /* Base */,
			);
			name = LaunchScreen.storyboard;
			sourceTree = "<group>";
		};
/* End PBXVariantGroup section */

/* Begin XCBuildConfiguration section */
		1FCDB9511D1A35B1004A4628 /* Debug */ = {
			isa = XCBuildConfiguration;
			buildSettings = {
				ALWAYS_SEARCH_USER_PATHS = NO;
				CLANG_ANALYZER_NONNULL = YES;
				CLANG_CXX_LANGUAGE_STANDARD = "gnu++0x";
				CLANG_CXX_LIBRARY = "libc++";
				CLANG_ENABLE_MODULES = YES;
				CLANG_ENABLE_OBJC_ARC = YES;
				CLANG_WARN_BOOL_CONVERSION = YES;
				CLANG_WARN_CONSTANT_CONVERSION = YES;
				CLANG_WARN_DIRECT_OBJC_ISA_USAGE = YES_ERROR;
				CLANG_WARN_EMPTY_BODY = YES;
				CLANG_WARN_ENUM_CONVERSION = YES;
				CLANG_WARN_INT_CONVERSION = YES;
				CLANG_WARN_OBJC_ROOT_CLASS = YES_ERROR;
				CLANG_WARN_UNREACHABLE_CODE = YES;
				CLANG_WARN__DUPLICATE_METHOD_MATCH = YES;
				"CODE_SIGN_IDENTITY[sdk=iphoneos*]" = "iPhone Developer";
				COPY_PHASE_STRIP = NO;
				DEBUG_INFORMATION_FORMAT = dwarf;
				ENABLE_STRICT_OBJC_MSGSEND = YES;
				ENABLE_TESTABILITY = YES;
				GCC_C_LANGUAGE_STANDARD = gnu99;
				GCC_DYNAMIC_NO_PIC = NO;
				GCC_NO_COMMON_BLOCKS = YES;
				GCC_OPTIMIZATION_LEVEL = 0;
				GCC_PREPROCESSOR_DEFINITIONS = (
					"DEBUG=1",
					"$(inherited)",
				);
				GCC_WARN_64_TO_32_BIT_CONVERSION = YES;
				GCC_WARN_ABOUT_RETURN_TYPE = YES_ERROR;
				GCC_WARN_UNDECLARED_SELECTOR = YES;
				GCC_WARN_UNINITIALIZED_AUTOS = YES_AGGRESSIVE;
				GCC_WARN_UNUSED_FUNCTION = YES;
				GCC_WARN_UNUSED_VARIABLE = YES;
				IPHONEOS_DEPLOYMENT_TARGET = 9.3;
				MTL_ENABLE_DEBUG_INFO = YES;
				ONLY_ACTIVE_ARCH = YES;
				SDKROOT = iphoneos;
				TARGETED_DEVICE_FAMILY = "1,2";
			};
			name = Debug;
		};
		1FCDB9521D1A35B1004A4628 /* Release */ = {
			isa = XCBuildConfiguration;
			buildSettings = {
				ALWAYS_SEARCH_USER_PATHS = NO;
				CLANG_ANALYZER_NONNULL = YES;
				CLANG_CXX_LANGUAGE_STANDARD = "gnu++0x";
				CLANG_CXX_LIBRARY = "libc++";
				CLANG_ENABLE_MODULES = YES;
				CLANG_ENABLE_OBJC_ARC = YES;
				CLANG_WARN_BOOL_CONVERSION = YES;
				CLANG_WARN_CONSTANT_CONVERSION = YES;
				CLANG_WARN_DIRECT_OBJC_ISA_USAGE = YES_ERROR;
				CLANG_WARN_EMPTY_BODY = YES;
				CLANG_WARN_ENUM_CONVERSION = YES;
				CLANG_WARN_INT_CONVERSION = YES;
				CLANG_WARN_OBJC_ROOT_CLASS = YES_ERROR;
				CLANG_WARN_UNREACHABLE_CODE = YES;
				CLANG_WARN__DUPLICATE_METHOD_MATCH = YES;
				"CODE_SIGN_IDENTITY[sdk=iphoneos*]" = "iPhone Developer";
				COPY_PHASE_STRIP = NO;
				DEBUG_INFORMATION_FORMAT = "dwarf-with-dsym";
				ENABLE_NS_ASSERTIONS = NO;
				ENABLE_STRICT_OBJC_MSGSEND = YES;
				GCC_C_LANGUAGE_STANDARD = gnu99;
				GCC_NO_COMMON_BLOCKS = YES;
				GCC_WARN_64_TO_32_BIT_CONVERSION = YES;
				GCC_WARN_ABOUT_RETURN_TYPE = YES_ERROR;
				GCC_WARN_UNDECLARED_SELECTOR = YES;
				GCC_WARN_UNINITIALIZED_AUTOS = YES_AGGRESSIVE;
				GCC_WARN_UNUSED_FUNCTION = YES;
				GCC_WARN_UNUSED_VARIABLE = YES;
				IPHONEOS_DEPLOYMENT_TARGET = 9.3;
				MTL_ENABLE_DEBUG_INFO = NO;
				SDKROOT = iphoneos;
				TARGETED_DEVICE_FAMILY = "1,2";
				VALIDATE_PRODUCT = YES;
			};
			name = Release;
		};
		1FCDB9541D1A35B1004A4628 /* Debug */ = {
			isa = XCBuildConfiguration;
			baseConfigurationReference = 565B6FAFD7A7C306715CE94A /* Pods-CXSlidingViewDemo.debug.xcconfig */;
			buildSettings = {
				ASSETCATALOG_COMPILER_APPICON_NAME = AppIcon;
				INFOPLIST_FILE = CXSlidingViewDemo/Info.plist;
				LD_RUNPATH_SEARCH_PATHS = "$(inherited) @executable_path/Frameworks";
				PRODUCT_BUNDLE_IDENTIFIER = com.CX.CXSlidingViewDemo;
				PRODUCT_NAME = "$(TARGET_NAME)";
			};
			name = Debug;
		};
		1FCDB9551D1A35B1004A4628 /* Release */ = {
			isa = XCBuildConfiguration;
			baseConfigurationReference = E713A1A02BD504DB2FE5E514 /* Pods-CXSlidingViewDemo.release.xcconfig */;
			buildSettings = {
				ASSETCATALOG_COMPILER_APPICON_NAME = AppIcon;
				INFOPLIST_FILE = CXSlidingViewDemo/Info.plist;
				LD_RUNPATH_SEARCH_PATHS = "$(inherited) @executable_path/Frameworks";
				PRODUCT_BUNDLE_IDENTIFIER = com.CX.CXSlidingViewDemo;
				PRODUCT_NAME = "$(TARGET_NAME)";
			};
			name = Release;
		};
/* End XCBuildConfiguration section */

/* Begin XCConfigurationList section */
		1FCDB9371D1A35B0004A4628 /* Build configuration list for PBXProject "CXSlidingViewDemo" */ = {
			isa = XCConfigurationList;
			buildConfigurations = (
				1FCDB9511D1A35B1004A4628 /* Debug */,
				1FCDB9521D1A35B1004A4628 /* Release */,
			);
			defaultConfigurationIsVisible = 0;
			defaultConfigurationName = Release;
		};
		1FCDB9531D1A35B1004A4628 /* Build configuration list for PBXNativeTarget "CXSlidingViewDemo" */ = {
			isa = XCConfigurationList;
			buildConfigurations = (
				1FCDB9541D1A35B1004A4628 /* Debug */,
				1FCDB9551D1A35B1004A4628 /* Release */,
			);
			defaultConfigurationIsVisible = 0;
			defaultConfigurationName = Release;
		};
/* End XCConfigurationList section */
	};
	rootObject = 1FCDB9341D1A35B0004A4628 /* Project object */;
}
