PODS:
  - CXSlidingView (1.0.2)
  - SDWebImage (3.8.1):
    - SDWebImage/Core (= 3.8.1)
  - SDWebImage/Core (3.8.1)

DEPENDENCIES:
  - CXSlidingView (~> 1.0.2)
  - SDWebImage (~> 3.8.1)

SPEC CHECKSUMS:
  CXSlidingView: 8939bcbab583a81ec9b065662706b7a96ae5c791
  SDWebImage: 35f9627a3e44b4f292a8a8ce6a531fa488239b91

PODFILE CHECKSUM: 542c8f683d348c25d0981dc90f51f9b8aafd7889

COCOAPODS: 1.0.1
